
Microsoft Visual Studio Solution File, Format Version 12.00
# Visual Studio Version 16
VisualStudioVersion = 16.0.30523.141
MinimumVisualStudioVersion = 10.0.40219.1
Project("{FAE04EC0-301F-11D3-BF4B-00C04F79EFBC}") = "SamLop.Business", "SamLop.Business.csproj", "{C2A94FB4-2A67-44F6-A29C-E08742CA0B54}"
EndProject
Global
	GlobalSection(SolutionConfigurationPlatforms) = preSolution
		Debug|Any CPU = Debug|Any CPU
		Release|Any CPU = Release|Any CPU
	EndGlobalSection
	GlobalSection(ProjectConfigurationPlatforms) = postSolution
		{C2A94FB4-2A67-44F6-A29C-E08742CA0B54}.Debug|Any CPU.ActiveCfg = Debug|Any CPU
		{C2A94FB4-2A67-44F6-A29C-E08742CA0B54}.Debug|Any CPU.Build.0 = Debug|Any CPU
		{C2A94FB4-2A67-44F6-A29C-E08742CA0B54}.Release|Any CPU.ActiveCfg = Release|Any CPU
		{C2A94FB4-2A67-44F6-A29C-E08742CA0B54}.Release|Any CPU.Build.0 = Release|Any CPU
	EndGlobalSection
	GlobalSection(SolutionProperties) = preSolution
		HideSolutionNode = FALSE
	EndGlobalSection
	GlobalSection(ExtensibilityGlobals) = postSolution
		SolutionGuid = {47A75866-8886-4CAA-A0B3-A6FAB2D79F08}
	EndGlobalSection
EndGlobal
